
Microsoft Visual Studio Solution File, Format Version 12.00
# Visual Studio Version 17
VisualStudioVersion = 17.5.33424.131
MinimumVisualStudioVersion = 10.0.40219.1
Project("{FAE04EC0-301F-11D3-BF4B-00C04F79EFBC}") = "Facturación", "Facturación\Facturación.csproj", "{1F41E6C6-CBBA-4B46-B0E0-712BA7E46977}"
EndProject
Global
	GlobalSection(SolutionConfigurationPlatforms) = preSolution
		Debug|Any CPU = Debug|Any CPU
		Release|Any CPU = Release|Any CPU
	EndGlobalSection
	GlobalSection(ProjectConfigurationPlatforms) = postSolution
		{1F41E6C6-CBBA-4B46-B0E0-712BA7E46977}.Debug|Any CPU.ActiveCfg = Debug|Any CPU
		{1F41E6C6-CBBA-4B46-B0E0-712BA7E46977}.Debug|Any CPU.Build.0 = Debug|Any CPU
		{1F41E6C6-CBBA-4B46-B0E0-712BA7E46977}.Release|Any CPU.ActiveCfg = Release|Any CPU
		{1F41E6C6-CBBA-4B46-B0E0-712BA7E46977}.Release|Any CPU.Build.0 = Release|Any CPU
	EndGlobalSection
	GlobalSection(SolutionProperties) = preSolution
		HideSolutionNode = FALSE
	EndGlobalSection
	GlobalSection(ExtensibilityGlobals) = postSolution
		SolutionGuid = {E7D05C63-D3B4-440F-B81B-97F7ECB05E1D}
	EndGlobalSection
EndGlobal
